// !$*UTF8*$!
{
	archiveVersion = 1;
	classes = {
	};
	objectVersion = 46;
	objects = {

/* Begin PBXBuildFile section */
		9812FACC1C9A03850026CE30 /* BaseTableViewController.swift in Sources */ = {isa = PBXBuildFile; fileRef = 9812FACB1C9A03850026CE30 /* BaseTableViewController.swift */; };
		9812FAD01C9A060C0026CE30 /* UpcomingMovieTableViewController.swift in Sources */ = {isa = PBXBuildFile; fileRef = 9812FACF1C9A060C0026CE30 /* UpcomingMovieTableViewController.swift */; };
		9812FAD21C9A319F0026CE30 /* FavoriteMovieViewController.swift in Sources */ = {isa = PBXBuildFile; fileRef = 9812FAD11C9A319F0026CE30 /* FavoriteMovieViewController.swift */; };
		9812FAD81C9A8D4C0026CE30 /* Settings.bundle in Resources */ = {isa = PBXBuildFile; fileRef = 9812FAD71C9A8D4C0026CE30 /* Settings.bundle */; };
		9812FADA1C9A97540026CE30 /* SplashScreen.storyboard in Resources */ = {isa = PBXBuildFile; fileRef = 9812FAD91C9A97540026CE30 /* SplashScreen.storyboard */; };
		9812FADC1C9AA56B0026CE30 /* SplashScreenViewController.swift in Sources */ = {isa = PBXBuildFile; fileRef = 9812FADB1C9AA56B0026CE30 /* SplashScreenViewController.swift */; };
		981E5D321C98BF33000B91B0 /* ActivityIndicator.swift in Sources */ = {isa = PBXBuildFile; fileRef = 981E5D311C98BF33000B91B0 /* ActivityIndicator.swift */; };
		98A548DB1C83D54A0048E685 /* AppDelegate.swift in Sources */ = {isa = PBXBuildFile; fileRef = 98A548DA1C83D54A0048E685 /* AppDelegate.swift */; };
		98A548E21C83D54A0048E685 /* Main.storyboard in Resources */ = {isa = PBXBuildFile; fileRef = 98A548E01C83D54A0048E685 /* Main.storyboard */; };
		98A548E41C83D54A0048E685 /* Assets.xcassets in Resources */ = {isa = PBXBuildFile; fileRef = 98A548E31C83D54A0048E685 /* Assets.xcassets */; };
		98A548E71C83D54A0048E685 /* LaunchScreen.storyboard in Resources */ = {isa = PBXBuildFile; fileRef = 98A548E51C83D54A0048E685 /* LaunchScreen.storyboard */; };
		98A548F21C83D54A0048E685 /* TopTomatoesTests.swift in Sources */ = {isa = PBXBuildFile; fileRef = 98A548F11C83D54A0048E685 /* TopTomatoesTests.swift */; };
		98A548FD1C83F53C0048E685 /* MovieTableViewController.swift in Sources */ = {isa = PBXBuildFile; fileRef = 98A548FC1C83F53C0048E685 /* MovieTableViewController.swift */; };
		98A548FF1C83FD1C0048E685 /* MovieTableViewCell.swift in Sources */ = {isa = PBXBuildFile; fileRef = 98A548FE1C83FD1C0048E685 /* MovieTableViewCell.swift */; };
		98A549011C8515ED0048E685 /* TMDBNetworkingManager.swift in Sources */ = {isa = PBXBuildFile; fileRef = 98A549001C8515ED0048E685 /* TMDBNetworkingManager.swift */; };
		98B5B3541C8CFD51009EA492 /* MovieDetailViewController.swift in Sources */ = {isa = PBXBuildFile; fileRef = 98B5B3531C8CFD51009EA492 /* MovieDetailViewController.swift */; };
/* End PBXBuildFile section */

/* Begin PBXContainerItemProxy section */
		98A548EE1C83D54A0048E685 /* PBXContainerItemProxy */ = {
			isa = PBXContainerItemProxy;
			containerPortal = 98A548CF1C83D54A0048E685 /* Project object */;
			proxyType = 1;
			remoteGlobalIDString = 98A548D61C83D54A0048E685;
			remoteInfo = TopTomatoes;
		};
/* End PBXContainerItemProxy section */

/* Begin PBXFileReference section */
		9812FACB1C9A03850026CE30 /* BaseTableViewController.swift */ = {isa = PBXFileReference; fileEncoding = 4; lastKnownFileType = sourcecode.swift; path = BaseTableViewController.swift; sourceTree = "<group>"; };
		9812FACF1C9A060C0026CE30 /* UpcomingMovieTableViewController.swift */ = {isa = PBXFileReference; fileEncoding = 4; lastKnownFileType = sourcecode.swift; name = UpcomingMovieTableViewController.swift; path = ../UpcomingMovieTableViewController.swift; sourceTree = "<group>"; };
		9812FAD11C9A319F0026CE30 /* FavoriteMovieViewController.swift */ = {isa = PBXFileReference; fileEncoding = 4; lastKnownFileType = sourcecode.swift; path = FavoriteMovieViewController.swift; sourceTree = "<group>"; };
		9812FAD71C9A8D4C0026CE30 /* Settings.bundle */ = {isa = PBXFileReference; lastKnownFileType = "wrapper.plug-in"; path = Settings.bundle; sourceTree = "<group>"; };
		9812FAD91C9A97540026CE30 /* SplashScreen.storyboard */ = {isa = PBXFileReference; fileEncoding = 4; lastKnownFileType = file.storyboard; path = SplashScreen.storyboard; sourceTree = "<group>"; };
		9812FADB1C9AA56B0026CE30 /* SplashScreenViewController.swift */ = {isa = PBXFileReference; fileEncoding = 4; lastKnownFileType = sourcecode.swift; path = SplashScreenViewController.swift; sourceTree = "<group>"; };
		981E5D311C98BF33000B91B0 /* ActivityIndicator.swift */ = {isa = PBXFileReference; fileEncoding = 4; lastKnownFileType = sourcecode.swift; path = ActivityIndicator.swift; sourceTree = "<group>"; };
		98A548D71C83D54A0048E685 /* TopTomatoes.app */ = {isa = PBXFileReference; explicitFileType = wrapper.application; includeInIndex = 0; path = TopTomatoes.app; sourceTree = BUILT_PRODUCTS_DIR; };
		98A548DA1C83D54A0048E685 /* AppDelegate.swift */ = {isa = PBXFileReference; lastKnownFileType = sourcecode.swift; path = AppDelegate.swift; sourceTree = "<group>"; };
		98A548E11C83D54A0048E685 /* Base */ = {isa = PBXFileReference; lastKnownFileType = file.storyboard; name = Base; path = Base.lproj/Main.storyboard; sourceTree = "<group>"; };
		98A548E31C83D54A0048E685 /* Assets.xcassets */ = {isa = PBXFileReference; lastKnownFileType = folder.assetcatalog; path = Assets.xcassets; sourceTree = "<group>"; };
		98A548E61C83D54A0048E685 /* Base */ = {isa = PBXFileReference; lastKnownFileType = file.storyboard; name = Base; path = Base.lproj/LaunchScreen.storyboard; sourceTree = "<group>"; };
		98A548E81C83D54A0048E685 /* Info.plist */ = {isa = PBXFileReference; lastKnownFileType = text.plist.xml; path = Info.plist; sourceTree = "<group>"; };
		98A548ED1C83D54A0048E685 /* TopTomatoesTests.xctest */ = {isa = PBXFileReference; explicitFileType = wrapper.cfbundle; includeInIndex = 0; path = TopTomatoesTests.xctest; sourceTree = BUILT_PRODUCTS_DIR; };
		98A548F11C83D54A0048E685 /* TopTomatoesTests.swift */ = {isa = PBXFileReference; lastKnownFileType = sourcecode.swift; path = TopTomatoesTests.swift; sourceTree = "<group>"; };
		98A548F31C83D54A0048E685 /* Info.plist */ = {isa = PBXFileReference; lastKnownFileType = text.plist.xml; path = Info.plist; sourceTree = "<group>"; };
		98A548FC1C83F53C0048E685 /* MovieTableViewController.swift */ = {isa = PBXFileReference; fileEncoding = 4; lastKnownFileType = sourcecode.swift; path = MovieTableViewController.swift; sourceTree = "<group>"; };
		98A548FE1C83FD1C0048E685 /* MovieTableViewCell.swift */ = {isa = PBXFileReference; fileEncoding = 4; lastKnownFileType = sourcecode.swift; path = MovieTableViewCell.swift; sourceTree = "<group>"; };
		98A549001C8515ED0048E685 /* TMDBNetworkingManager.swift */ = {isa = PBXFileReference; fileEncoding = 4; lastKnownFileType = sourcecode.swift; path = TMDBNetworkingManager.swift; sourceTree = "<group>"; };
		98B5B3531C8CFD51009EA492 /* MovieDetailViewController.swift */ = {isa = PBXFileReference; fileEncoding = 4; lastKnownFileType = sourcecode.swift; path = MovieDetailViewController.swift; sourceTree = "<group>"; };
/* End PBXFileReference section */

/* Begin PBXFrameworksBuildPhase section */
		98A548D41C83D54A0048E685 /* Frameworks */ = {
			isa = PBXFrameworksBuildPhase;
			buildActionMask = 2147483647;
			files = (
			);
			runOnlyForDeploymentPostprocessing = 0;
		};
		98A548EA1C83D54A0048E685 /* Frameworks */ = {
			isa = PBXFrameworksBuildPhase;
			buildActionMask = 2147483647;
			files = (
			);
			runOnlyForDeploymentPostprocessing = 0;
		};
/* End PBXFrameworksBuildPhase section */

/* Begin PBXGroup section */
		98A548CE1C83D54A0048E685 = {
			isa = PBXGroup;
			children = (
				9812FAD71C9A8D4C0026CE30 /* Settings.bundle */,
				98A548D91C83D54A0048E685 /* TopTomatoes */,
				98A548F01C83D54A0048E685 /* TopTomatoesTests */,
				98A548D81C83D54A0048E685 /* Products */,
			);
			sourceTree = "<group>";
		};
		98A548D81C83D54A0048E685 /* Products */ = {
			isa = PBXGroup;
			children = (
				98A548D71C83D54A0048E685 /* TopTomatoes.app */,
				98A548ED1C83D54A0048E685 /* TopTomatoesTests.xctest */,
			);
			name = Products;
			sourceTree = "<group>";
		};
		98A548D91C83D54A0048E685 /* TopTomatoes */ = {
			isa = PBXGroup;
			children = (
				98A548DA1C83D54A0048E685 /* AppDelegate.swift */,
				9812FACB1C9A03850026CE30 /* BaseTableViewController.swift */,
				98A548FC1C83F53C0048E685 /* MovieTableViewController.swift */,
				9812FACF1C9A060C0026CE30 /* UpcomingMovieTableViewController.swift */,
				9812FAD11C9A319F0026CE30 /* FavoriteMovieViewController.swift */,
				98B5B3531C8CFD51009EA492 /* MovieDetailViewController.swift */,
				98A548FE1C83FD1C0048E685 /* MovieTableViewCell.swift */,
				98A549001C8515ED0048E685 /* TMDBNetworkingManager.swift */,
				981E5D311C98BF33000B91B0 /* ActivityIndicator.swift */,
				98A548E01C83D54A0048E685 /* Main.storyboard */,
				98A548E31C83D54A0048E685 /* Assets.xcassets */,
				98A548E51C83D54A0048E685 /* LaunchScreen.storyboard */,
				9812FAD91C9A97540026CE30 /* SplashScreen.storyboard */,
				9812FADB1C9AA56B0026CE30 /* SplashScreenViewController.swift */,
				98A548E81C83D54A0048E685 /* Info.plist */,
			);
			path = TopTomatoes;
			sourceTree = "<group>";
		};
		98A548F01C83D54A0048E685 /* TopTomatoesTests */ = {
			isa = PBXGroup;
			children = (
				98A548F11C83D54A0048E685 /* TopTomatoesTests.swift */,
				98A548F31C83D54A0048E685 /* Info.plist */,
			);
			path = TopTomatoesTests;
			sourceTree = "<group>";
		};
/* End PBXGroup section */

/* Begin PBXNativeTarget section */
		98A548D61C83D54A0048E685 /* TopTomatoes */ = {
			isa = PBXNativeTarget;
			buildConfigurationList = 98A548F61C83D54A0048E685 /* Build configuration list for PBXNativeTarget "TopTomatoes" */;
			buildPhases = (
				98A548D31C83D54A0048E685 /* Sources */,
				98A548D41C83D54A0048E685 /* Frameworks */,
				98A548D51C83D54A0048E685 /* Resources */,
			);
			buildRules = (
			);
			dependencies = (
			);
			name = TopTomatoes;
			productName = TopTomatoes;
			productReference = 98A548D71C83D54A0048E685 /* TopTomatoes.app */;
			productType = "com.apple.product-type.application";
		};
		98A548EC1C83D54A0048E685 /* TopTomatoesTests */ = {
			isa = PBXNativeTarget;
			buildConfigurationList = 98A548F91C83D54A0048E685 /* Build configuration list for PBXNativeTarget "TopTomatoesTests" */;
			buildPhases = (
				98A548E91C83D54A0048E685 /* Sources */,
				98A548EA1C83D54A0048E685 /* Frameworks */,
				98A548EB1C83D54A0048E685 /* Resources */,
			);
			buildRules = (
			);
			dependencies = (
				98A548EF1C83D54A0048E685 /* PBXTargetDependency */,
			);
			name = TopTomatoesTests;
			productName = TopTomatoesTests;
			productReference = 98A548ED1C83D54A0048E685 /* TopTomatoesTests.xctest */;
			productType = "com.apple.product-type.bundle.unit-test";
		};
/* End PBXNativeTarget section */

/* Begin PBXProject section */
		98A548CF1C83D54A0048E685 /* Project object */ = {
			isa = PBXProject;
			attributes = {
				LastSwiftUpdateCheck = 0720;
				LastUpgradeCheck = 0720;
				ORGANIZATIONNAME = "Shuaib Labs";
				TargetAttributes = {
					98A548D61C83D54A0048E685 = {
						CreatedOnToolsVersion = 7.2.1;
						DevelopmentTeam = SPGT4BVKZL;
					};
					98A548EC1C83D54A0048E685 = {
						CreatedOnToolsVersion = 7.2.1;
						TestTargetID = 98A548D61C83D54A0048E685;
					};
				};
			};
			buildConfigurationList = 98A548D21C83D54A0048E685 /* Build configuration list for PBXProject "TopTomatoes" */;
			compatibilityVersion = "Xcode 3.2";
			developmentRegion = English;
			hasScannedForEncodings = 0;
			knownRegions = (
				en,
				Base,
			);
			mainGroup = 98A548CE1C83D54A0048E685;
			productRefGroup = 98A548D81C83D54A0048E685 /* Products */;
			projectDirPath = "";
			projectRoot = "";
			targets = (
				98A548D61C83D54A0048E685 /* TopTomatoes */,
				98A548EC1C83D54A0048E685 /* TopTomatoesTests */,
			);
		};
/* End PBXProject section */

/* Begin PBXResourcesBuildPhase section */
		98A548D51C83D54A0048E685 /* Resources */ = {
			isa = PBXResourcesBuildPhase;
			buildActionMask = 2147483647;
			files = (
				9812FAD81C9A8D4C0026CE30 /* Settings.bundle in Resources */,
				98A548E71C83D54A0048E685 /* LaunchScreen.storyboard in Resources */,
				98A548E41C83D54A0048E685 /* Assets.xcassets in Resources */,
				9812FADA1C9A97540026CE30 /* SplashScreen.storyboard in Resources */,
				98A548E21C83D54A0048E685 /* Main.storyboard in Resources */,
			);
			runOnlyForDeploymentPostprocessing = 0;
		};
		98A548EB1C83D54A0048E685 /* Resources */ = {
			isa = PBXResourcesBuildPhase;
			buildActionMask = 2147483647;
			files = (
			);
			runOnlyForDeploymentPostprocessing = 0;
		};
/* End PBXResourcesBuildPhase section */

/* Begin PBXSourcesBuildPhase section */
		98A548D31C83D54A0048E685 /* Sources */ = {
			isa = PBXSourcesBuildPhase;
			buildActionMask = 2147483647;
			files = (
				9812FACC1C9A03850026CE30 /* BaseTableViewController.swift in Sources */,
				98A548FF1C83FD1C0048E685 /* MovieTableViewCell.swift in Sources */,
				9812FAD01C9A060C0026CE30 /* UpcomingMovieTableViewController.swift in Sources */,
				98A548DB1C83D54A0048E685 /* AppDelegate.swift in Sources */,
				98A548FD1C83F53C0048E685 /* MovieTableViewController.swift in Sources */,
				981E5D321C98BF33000B91B0 /* ActivityIndicator.swift in Sources */,
				9812FAD21C9A319F0026CE30 /* FavoriteMovieViewController.swift in Sources */,
				98B5B3541C8CFD51009EA492 /* MovieDetailViewController.swift in Sources */,
				9812FADC1C9AA56B0026CE30 /* SplashScreenViewController.swift in Sources */,
				98A549011C8515ED0048E685 /* TMDBNetworkingManager.swift in Sources */,
			);
			runOnlyForDeploymentPostprocessing = 0;
		};
		98A548E91C83D54A0048E685 /* Sources */ = {
			isa = PBXSourcesBuildPhase;
			buildActionMask = 2147483647;
			files = (
				98A548F21C83D54A0048E685 /* TopTomatoesTests.swift in Sources */,
			);
			runOnlyForDeploymentPostprocessing = 0;
		};
/* End PBXSourcesBuildPhase section */

/* Begin PBXTargetDependency section */
		98A548EF1C83D54A0048E685 /* PBXTargetDependency */ = {
			isa = PBXTargetDependency;
			target = 98A548D61C83D54A0048E685 /* TopTomatoes */;
			targetProxy = 98A548EE1C83D54A0048E685 /* PBXContainerItemProxy */;
		};
/* End PBXTargetDependency section */

/* Begin PBXVariantGroup section */
		98A548E01C83D54A0048E685 /* Main.storyboard */ = {
			isa = PBXVariantGroup;
			children = (
				98A548E11C83D54A0048E685 /* Base */,
			);
			name = Main.storyboard;
			sourceTree = "<group>";
		};
		98A548E51C83D54A0048E685 /* LaunchScreen.storyboard */ = {
			isa = PBXVariantGroup;
			children = (
				98A548E61C83D54A0048E685 /* Base */,
			);
			name = LaunchScreen.storyboard;
			sourceTree = "<group>";
		};
/* End PBXVariantGroup section */

/* Begin XCBuildConfiguration section */
		98A548F41C83D54A0048E685 /* Debug */ = {
			isa = XCBuildConfiguration;
			buildSettings = {
				ALWAYS_SEARCH_USER_PATHS = NO;
				CLANG_CXX_LANGUAGE_STANDARD = "gnu++0x";
				CLANG_CXX_LIBRARY = "libc++";
				CLANG_ENABLE_MODULES = YES;
				CLANG_ENABLE_OBJC_ARC = YES;
				CLANG_WARN_BOOL_CONVERSION = YES;
				CLANG_WARN_CONSTANT_CONVERSION = YES;
				CLANG_WARN_DIRECT_OBJC_ISA_USAGE = YES_ERROR;
				CLANG_WARN_EMPTY_BODY = YES;
				CLANG_WARN_ENUM_CONVERSION = YES;
				CLANG_WARN_INT_CONVERSION = YES;
				CLANG_WARN_OBJC_ROOT_CLASS = YES_ERROR;
				CLANG_WARN_UNREACHABLE_CODE = YES;
				CLANG_WARN__DUPLICATE_METHOD_MATCH = YES;
				"CODE_SIGN_IDENTITY[sdk=iphoneos*]" = "iPhone Developer";
				COPY_PHASE_STRIP = NO;
				DEBUG_INFORMATION_FORMAT = dwarf;
				ENABLE_STRICT_OBJC_MSGSEND = YES;
				ENABLE_TESTABILITY = YES;
				GCC_C_LANGUAGE_STANDARD = gnu99;
				GCC_DYNAMIC_NO_PIC = NO;
				GCC_NO_COMMON_BLOCKS = YES;
				GCC_OPTIMIZATION_LEVEL = 0;
				GCC_PREPROCESSOR_DEFINITIONS = (
					"DEBUG=1",
					"$(inherited)",
				);
				GCC_WARN_64_TO_32_BIT_CONVERSION = YES;
				GCC_WARN_ABOUT_RETURN_TYPE = YES_ERROR;
				GCC_WARN_UNDECLARED_SELECTOR = YES;
				GCC_WARN_UNINITIALIZED_AUTOS = YES_AGGRESSIVE;
				GCC_WARN_UNUSED_FUNCTION = YES;
				GCC_WARN_UNUSED_VARIABLE = YES;
				IPHONEOS_DEPLOYMENT_TARGET = 9.2;
				MTL_ENABLE_DEBUG_INFO = YES;
				ONLY_ACTIVE_ARCH = YES;
				SDKROOT = iphoneos;
				SWIFT_OPTIMIZATION_LEVEL = "-Onone";
			};
			name = Debug;
		};
		98A548F51C83D54A0048E685 /* Release */ = {
			isa = XCBuildConfiguration;
			buildSettings = {
				ALWAYS_SEARCH_USER_PATHS = NO;
				CLANG_CXX_LANGUAGE_STANDARD = "gnu++0x";
				CLANG_CXX_LIBRARY = "libc++";
				CLANG_ENABLE_MODULES = YES;
				CLANG_ENABLE_OBJC_ARC = YES;
				CLANG_WARN_BOOL_CONVERSION = YES;
				CLANG_WARN_CONSTANT_CONVERSION = YES;
				CLANG_WARN_DIRECT_OBJC_ISA_USAGE = YES_ERROR;
				CLANG_WARN_EMPTY_BODY = YES;
				CLANG_WARN_ENUM_CONVERSION = YES;
				CLANG_WARN_INT_CONVERSION = YES;
				CLANG_WARN_OBJC_ROOT_CLASS = YES_ERROR;
				CLANG_WARN_UNREACHABLE_CODE = YES;
				CLANG_WARN__DUPLICATE_METHOD_MATCH = YES;
				"CODE_SIGN_IDENTITY[sdk=iphoneos*]" = "iPhone Developer";
				COPY_PHASE_STRIP = NO;
				DEBUG_INFORMATION_FORMAT = "dwarf-with-dsym";
				ENABLE_NS_ASSERTIONS = NO;
				ENABLE_STRICT_OBJC_MSGSEND = YES;
				GCC_C_LANGUAGE_STANDARD = gnu99;
				GCC_NO_COMMON_BLOCKS = YES;
				GCC_WARN_64_TO_32_BIT_CONVERSION = YES;
				GCC_WARN_ABOUT_RETURN_TYPE = YES_ERROR;
				GCC_WARN_UNDECLARED_SELECTOR = YES;
				GCC_WARN_UNINITIALIZED_AUTOS = YES_AGGRESSIVE;
				GCC_WARN_UNUSED_FUNCTION = YES;
				GCC_WARN_UNUSED_VARIABLE = YES;
				IPHONEOS_DEPLOYMENT_TARGET = 9.2;
				MTL_ENABLE_DEBUG_INFO = NO;
				SDKROOT = iphoneos;
				VALIDATE_PRODUCT = YES;
			};
			name = Release;
		};
		98A548F71C83D54A0048E685 /* Debug */ = {
			isa = XCBuildConfiguration;
			buildSettings = {
				ASSETCATALOG_COMPILER_APPICON_NAME = AppIcon;
				CODE_SIGN_IDENTITY = "iPhone Developer";
				"CODE_SIGN_IDENTITY[sdk=iphoneos*]" = "iPhone Developer";
				INFOPLIST_FILE = TopTomatoes/Info.plist;
				LD_RUNPATH_SEARCH_PATHS = "$(inherited) @executable_path/Frameworks";
				PRODUCT_BUNDLE_IDENTIFIER = com.shuaibLabs.TopTomatoes;
				PRODUCT_NAME = "$(TARGET_NAME)";
				PROVISIONING_PROFILE = "";
			};
			name = Debug;
		};
		98A548F81C83D54A0048E685 /* Release */ = {
			isa = XCBuildConfiguration;
			buildSettings = {
				ASSETCATALOG_COMPILER_APPICON_NAME = AppIcon;
				CODE_SIGN_IDENTITY = "iPhone Developer";
				"CODE_SIGN_IDENTITY[sdk=iphoneos*]" = "iPhone Developer";
				INFOPLIST_FILE = TopTomatoes/Info.plist;
				LD_RUNPATH_SEARCH_PATHS = "$(inherited) @executable_path/Frameworks";
				PRODUCT_BUNDLE_IDENTIFIER = com.shuaibLabs.TopTomatoes;
				PRODUCT_NAME = "$(TARGET_NAME)";
				PROVISIONING_PROFILE = "";
			};
			name = Release;
		};
		98A548FA1C83D54A0048E685 /* Debug */ = {
			isa = XCBuildConfiguration;
			buildSettings = {
				BUNDLE_LOADER = "$(TEST_HOST)";
				INFOPLIST_FILE = TopTomatoesTests/Info.plist;
				LD_RUNPATH_SEARCH_PATHS = "$(inherited) @executable_path/Frameworks @loader_path/Frameworks";
				PRODUCT_BUNDLE_IDENTIFIER = com.shuaibLabs.TopTomatoesTests;
				PRODUCT_NAME = "$(TARGET_NAME)";
				TEST_HOST = "$(BUILT_PRODUCTS_DIR)/TopTomatoes.app/TopTomatoes";
			};
			name = Debug;
		};
		98A548FB1C83D54A0048E685 /* Release */ = {
			isa = XCBuildConfiguration;
			buildSettings = {
				BUNDLE_LOADER = "$(TEST_HOST)";
				INFOPLIST_FILE = TopTomatoesTests/Info.plist;
				LD_RUNPATH_SEARCH_PATHS = "$(inherited) @executable_path/Frameworks @loader_path/Frameworks";
				PRODUCT_BUNDLE_IDENTIFIER = com.shuaibLabs.TopTomatoesTests;
				PRODUCT_NAME = "$(TARGET_NAME)";
				TEST_HOST = "$(BUILT_PRODUCTS_DIR)/TopTomatoes.app/TopTomatoes";
			};
			name = Release;
		};
/* End XCBuildConfiguration section */

/* Begin XCConfigurationList section */
		98A548D21C83D54A0048E685 /* Build configuration list for PBXProject "TopTomatoes" */ = {
			isa = XCConfigurationList;
			buildConfigurations = (
				98A548F41C83D54A0048E685 /* Debug */,
				98A548F51C83D54A0048E685 /* Release */,
			);
			defaultConfigurationIsVisible = 0;
			defaultConfigurationName = Release;
		};
		98A548F61C83D54A0048E685 /* Build configuration list for PBXNativeTarget "TopTomatoes" */ = {
			isa = XCConfigurationList;
			buildConfigurations = (
				98A548F71C83D54A0048E685 /* Debug */,
				98A548F81C83D54A0048E685 /* Release */,
			);
			defaultConfigurationIsVisible = 0;
			defaultConfigurationName = Release;
		};
		98A548F91C83D54A0048E685 /* Build configuration list for PBXNativeTarget "TopTomatoesTests" */ = {
			isa = XCConfigurationList;
			buildConfigurations = (
				98A548FA1C83D54A0048E685 /* Debug */,
				98A548FB1C83D54A0048E685 /* Release */,
			);
			defaultConfigurationIsVisible = 0;
			defaultConfigurationName = Release;
		};
/* End XCConfigurationList section */
	};
	rootObject = 98A548CF1C83D54A0048E685 /* Project object */;
}
